// !$*UTF8*$!
{
	archiveVersion = 1;
	classes = {
	};
	objectVersion = 50;
	objects = {

/* Begin PBXBuildFile section */
		B20E98ED26E132B000DE8FA4 /* ProductDB+CoreDataClass.swift in Sources */ = {isa = PBXBuildFile; fileRef = B20E98EB26E132B000DE8FA4 /* ProductDB+CoreDataClass.swift */; };
		B20E98EE26E132B000DE8FA4 /* ProductDB+CoreDataProperties.swift in Sources */ = {isa = PBXBuildFile; fileRef = B20E98EC26E132B000DE8FA4 /* ProductDB+CoreDataProperties.swift */; };
		B2213F2426FA523D00096051 /* ProductListViewIO.swift in Sources */ = {isa = PBXBuildFile; fileRef = B2213F2326FA523D00096051 /* ProductListViewIO.swift */; };
		B227D01D26FCD77600A29BB3 /* UIViewInput.swift in Sources */ = {isa = PBXBuildFile; fileRef = B227D01C26FCD77600A29BB3 /* UIViewInput.swift */; };
		B227D023270080DD00A29BB3 /* SystemError.swift in Sources */ = {isa = PBXBuildFile; fileRef = B227D022270080DD00A29BB3 /* SystemError.swift */; };
		B239202B26D26582009DA32B /* ProductCell.swift in Sources */ = {isa = PBXBuildFile; fileRef = B239202A26D26581009DA32B /* ProductCell.swift */; };
		B239202F26D798E1009DA32B /* AddViewController.swift in Sources */ = {isa = PBXBuildFile; fileRef = B239202E26D798E1009DA32B /* AddViewController.swift */; };
		B239203226D798FD009DA32B /* EditViewController.swift in Sources */ = {isa = PBXBuildFile; fileRef = B239203126D798FD009DA32B /* EditViewController.swift */; };
		B261E42C26E49718003AFC14 /* ProductService.swift in Sources */ = {isa = PBXBuildFile; fileRef = B261E42B26E49718003AFC14 /* ProductService.swift */; };
		B278F94B26EE611E00D617BA /* EditPresenter.swift in Sources */ = {isa = PBXBuildFile; fileRef = B278F94A26EE611E00D617BA /* EditPresenter.swift */; };
		B2888ED026FCA69900CE1E06 /* AddViewIO.swift in Sources */ = {isa = PBXBuildFile; fileRef = B2888ECF26FCA69900CE1E06 /* AddViewIO.swift */; };
		B2888ED326FCA6A900CE1E06 /* EditViewIO.swift in Sources */ = {isa = PBXBuildFile; fileRef = B2888ED226FCA6A900CE1E06 /* EditViewIO.swift */; };
		B2A07C7326CFF1D70082A73D /* AppDelegate.swift in Sources */ = {isa = PBXBuildFile; fileRef = B2A07C7226CFF1D70082A73D /* AppDelegate.swift */; };
		B2A07C7526CFF1D70082A73D /* SceneDelegate.swift in Sources */ = {isa = PBXBuildFile; fileRef = B2A07C7426CFF1D70082A73D /* SceneDelegate.swift */; };
		B2A07C7726CFF1D70082A73D /* ProductListViewController.swift in Sources */ = {isa = PBXBuildFile; fileRef = B2A07C7626CFF1D70082A73D /* ProductListViewController.swift */; };
		B2A07C7A26CFF1D70082A73D /* Main.storyboard in Resources */ = {isa = PBXBuildFile; fileRef = B2A07C7826CFF1D70082A73D /* Main.storyboard */; };
		B2A07C7D26CFF1D70082A73D /* ShoppingList.xcdatamodeld in Sources */ = {isa = PBXBuildFile; fileRef = B2A07C7B26CFF1D70082A73D /* ShoppingList.xcdatamodeld */; };
		B2A07C7F26CFF1DB0082A73D /* Assets.xcassets in Resources */ = {isa = PBXBuildFile; fileRef = B2A07C7E26CFF1DB0082A73D /* Assets.xcassets */; };
		B2A07C8226CFF1DB0082A73D /* LaunchScreen.storyboard in Resources */ = {isa = PBXBuildFile; fileRef = B2A07C8026CFF1DB0082A73D /* LaunchScreen.storyboard */; };
		B2E4CB9B26F0E9CD00CB3EFD /* ProductListPresenter.swift in Sources */ = {isa = PBXBuildFile; fileRef = B2E4CB9A26F0E9CD00CB3EFD /* ProductListPresenter.swift */; };
		B2E4CB9F26F3731400CB3EFD /* AddPresenter.swift in Sources */ = {isa = PBXBuildFile; fileRef = B2E4CB9E26F3731400CB3EFD /* AddPresenter.swift */; };
		B2ED762426D7C3E200F60646 /* Product.swift in Sources */ = {isa = PBXBuildFile; fileRef = B2ED762326D7C3E200F60646 /* Product.swift */; };
/* End PBXBuildFile section */

/* Begin PBXFileReference section */
		B20E98EB26E132B000DE8FA4 /* ProductDB+CoreDataClass.swift */ = {isa = PBXFileReference; lastKnownFileType = sourcecode.swift; path = "ProductDB+CoreDataClass.swift"; sourceTree = "<group>"; };
		B20E98EC26E132B000DE8FA4 /* ProductDB+CoreDataProperties.swift */ = {isa = PBXFileReference; lastKnownFileType = sourcecode.swift; path = "ProductDB+CoreDataProperties.swift"; sourceTree = "<group>"; };
		B2213F2326FA523D00096051 /* ProductListViewIO.swift */ = {isa = PBXFileReference; lastKnownFileType = sourcecode.swift; path = ProductListViewIO.swift; sourceTree = "<group>"; };
		B227D01C26FCD77600A29BB3 /* UIViewInput.swift */ = {isa = PBXFileReference; lastKnownFileType = sourcecode.swift; path = UIViewInput.swift; sourceTree = "<group>"; };
		B227D022270080DD00A29BB3 /* SystemError.swift */ = {isa = PBXFileReference; lastKnownFileType = sourcecode.swift; path = SystemError.swift; sourceTree = "<group>"; };
		B239202A26D26581009DA32B /* ProductCell.swift */ = {isa = PBXFileReference; lastKnownFileType = sourcecode.swift; path = ProductCell.swift; sourceTree = "<group>"; };
		B239202E26D798E1009DA32B /* AddViewController.swift */ = {isa = PBXFileReference; lastKnownFileType = sourcecode.swift; path = AddViewController.swift; sourceTree = "<group>"; };
		B239203126D798FD009DA32B /* EditViewController.swift */ = {isa = PBXFileReference; lastKnownFileType = sourcecode.swift; path = EditViewController.swift; sourceTree = "<group>"; };
		B261E42B26E49718003AFC14 /* ProductService.swift */ = {isa = PBXFileReference; lastKnownFileType = sourcecode.swift; path = ProductService.swift; sourceTree = "<group>"; };
		B278F94A26EE611E00D617BA /* EditPresenter.swift */ = {isa = PBXFileReference; lastKnownFileType = sourcecode.swift; path = EditPresenter.swift; sourceTree = "<group>"; };
		B2888ECF26FCA69900CE1E06 /* AddViewIO.swift */ = {isa = PBXFileReference; lastKnownFileType = sourcecode.swift; path = AddViewIO.swift; sourceTree = "<group>"; };
		B2888ED226FCA6A900CE1E06 /* EditViewIO.swift */ = {isa = PBXFileReference; lastKnownFileType = sourcecode.swift; path = EditViewIO.swift; sourceTree = "<group>"; };
		B2A07C6F26CFF1D70082A73D /* ShoppingList.app */ = {isa = PBXFileReference; explicitFileType = wrapper.application; includeInIndex = 0; path = ShoppingList.app; sourceTree = BUILT_PRODUCTS_DIR; };
		B2A07C7226CFF1D70082A73D /* AppDelegate.swift */ = {isa = PBXFileReference; lastKnownFileType = sourcecode.swift; path = AppDelegate.swift; sourceTree = "<group>"; };
		B2A07C7426CFF1D70082A73D /* SceneDelegate.swift */ = {isa = PBXFileReference; lastKnownFileType = sourcecode.swift; path = SceneDelegate.swift; sourceTree = "<group>"; };
		B2A07C7626CFF1D70082A73D /* ProductListViewController.swift */ = {isa = PBXFileReference; lastKnownFileType = sourcecode.swift; path = ProductListViewController.swift; sourceTree = "<group>"; };
		B2A07C7926CFF1D70082A73D /* Base */ = {isa = PBXFileReference; lastKnownFileType = file.storyboard; name = Base; path = Base.lproj/Main.storyboard; sourceTree = "<group>"; };
		B2A07C7C26CFF1D70082A73D /* ShoppingList.xcdatamodel */ = {isa = PBXFileReference; lastKnownFileType = wrapper.xcdatamodel; path = ShoppingList.xcdatamodel; sourceTree = "<group>"; };
		B2A07C7E26CFF1DB0082A73D /* Assets.xcassets */ = {isa = PBXFileReference; lastKnownFileType = folder.assetcatalog; path = Assets.xcassets; sourceTree = "<group>"; };
		B2A07C8126CFF1DB0082A73D /* Base */ = {isa = PBXFileReference; lastKnownFileType = file.storyboard; name = Base; path = Base.lproj/LaunchScreen.storyboard; sourceTree = "<group>"; };
		B2A07C8326CFF1DB0082A73D /* Info.plist */ = {isa = PBXFileReference; lastKnownFileType = text.plist.xml; path = Info.plist; sourceTree = "<group>"; };
		B2E4CB9A26F0E9CD00CB3EFD /* ProductListPresenter.swift */ = {isa = PBXFileReference; lastKnownFileType = sourcecode.swift; path = ProductListPresenter.swift; sourceTree = "<group>"; };
		B2E4CB9E26F3731400CB3EFD /* AddPresenter.swift */ = {isa = PBXFileReference; lastKnownFileType = sourcecode.swift; path = AddPresenter.swift; sourceTree = "<group>"; };
		B2ED762326D7C3E200F60646 /* Product.swift */ = {isa = PBXFileReference; lastKnownFileType = sourcecode.swift; path = Product.swift; sourceTree = "<group>"; };
/* End PBXFileReference section */

/* Begin PBXFrameworksBuildPhase section */
		B2A07C6C26CFF1D70082A73D /* Frameworks */ = {
			isa = PBXFrameworksBuildPhase;
			buildActionMask = 2147483647;
			files = (
			);
			runOnlyForDeploymentPostprocessing = 0;
		};
/* End PBXFrameworksBuildPhase section */

/* Begin PBXGroup section */
		B227D01B26FCD76A00A29BB3 /* Views */ = {
			isa = PBXGroup;
			children = (
				B227D01C26FCD77600A29BB3 /* UIViewInput.swift */,
			);
			path = Views;
			sourceTree = "<group>";
		};
		B227D021270080CD00A29BB3 /* Error */ = {
			isa = PBXGroup;
			children = (
				B227D022270080DD00A29BB3 /* SystemError.swift */,
			);
			path = Error;
			sourceTree = "<group>";
		};
		B278F94D26EE612900D617BA /* BusinessLogic */ = {
			isa = PBXGroup;
			children = (
				B278F94F26EE614F00D617BA /* Entity */,
				B278F94E26EE614200D617BA /* Service */,
			);
			path = BusinessLogic;
			sourceTree = "<group>";
		};
		B278F94E26EE614200D617BA /* Service */ = {
			isa = PBXGroup;
			children = (
				B261E42B26E49718003AFC14 /* ProductService.swift */,
			);
			path = Service;
			sourceTree = "<group>";
		};
		B278F94F26EE614F00D617BA /* Entity */ = {
			isa = PBXGroup;
			children = (
				B227D021270080CD00A29BB3 /* Error */,
				B20E98EB26E132B000DE8FA4 /* ProductDB+CoreDataClass.swift */,
				B20E98EC26E132B000DE8FA4 /* ProductDB+CoreDataProperties.swift */,
				B2ED762326D7C3E200F60646 /* Product.swift */,
			);
			path = Entity;
			sourceTree = "<group>";
		};
		B278F95026EE615700D617BA /* Modules */ = {
			isa = PBXGroup;
			children = (
				B278F95326EE61D700D617BA /* ProductList */,
				B278F95226EE618000D617BA /* Add */,
				B278F95126EE617A00D617BA /* Edit */,
			);
			path = Modules;
			sourceTree = "<group>";
		};
		B278F95126EE617A00D617BA /* Edit */ = {
			isa = PBXGroup;
			children = (
				B239203126D798FD009DA32B /* EditViewController.swift */,
				B278F94A26EE611E00D617BA /* EditPresenter.swift */,
				B2888ED226FCA6A900CE1E06 /* EditViewIO.swift */,
			);
			path = Edit;
			sourceTree = "<group>";
		};
		B278F95226EE618000D617BA /* Add */ = {
			isa = PBXGroup;
			children = (
				B239202E26D798E1009DA32B /* AddViewController.swift */,
				B2E4CB9E26F3731400CB3EFD /* AddPresenter.swift */,
				B2888ECF26FCA69900CE1E06 /* AddViewIO.swift */,
			);
			path = Add;
			sourceTree = "<group>";
		};
		B278F95326EE61D700D617BA /* ProductList */ = {
			isa = PBXGroup;
			children = (
				B2A07C7626CFF1D70082A73D /* ProductListViewController.swift */,
				B2E4CB9A26F0E9CD00CB3EFD /* ProductListPresenter.swift */,
				B239202A26D26581009DA32B /* ProductCell.swift */,
				B2213F2326FA523D00096051 /* ProductListViewIO.swift */,
			);
			path = ProductList;
			sourceTree = "<group>";
		};
		B2A07C6626CFF1D70082A73D = {
			isa = PBXGroup;
			children = (
				B2A07C7126CFF1D70082A73D /* ShoppingList */,
				B2A07C7026CFF1D70082A73D /* Products */,
			);
			sourceTree = "<group>";
		};
		B2A07C7026CFF1D70082A73D /* Products */ = {
			isa = PBXGroup;
			children = (
				B2A07C6F26CFF1D70082A73D /* ShoppingList.app */,
			);
			name = Products;
			sourceTree = "<group>";
		};
		B2A07C7126CFF1D70082A73D /* ShoppingList */ = {
			isa = PBXGroup;
			children = (
				B227D01B26FCD76A00A29BB3 /* Views */,
				B278F94D26EE612900D617BA /* BusinessLogic */,
				B278F95026EE615700D617BA /* Modules */,
				B2A07C7226CFF1D70082A73D /* AppDelegate.swift */,
				B2A07C7426CFF1D70082A73D /* SceneDelegate.swift */,
				B2A07C7826CFF1D70082A73D /* Main.storyboard */,
				B2A07C7E26CFF1DB0082A73D /* Assets.xcassets */,
				B2A07C8026CFF1DB0082A73D /* LaunchScreen.storyboard */,
				B2A07C8326CFF1DB0082A73D /* Info.plist */,
				B2A07C7B26CFF1D70082A73D /* ShoppingList.xcdatamodeld */,
			);
			path = ShoppingList;
			sourceTree = "<group>";
		};
/* End PBXGroup section */

/* Begin PBXNativeTarget section */
		B2A07C6E26CFF1D70082A73D /* ShoppingList */ = {
			isa = PBXNativeTarget;
			buildConfigurationList = B2A07C8626CFF1DB0082A73D /* Build configuration list for PBXNativeTarget "ShoppingList" */;
			buildPhases = (
				B2A07C6B26CFF1D70082A73D /* Sources */,
				B2A07C6C26CFF1D70082A73D /* Frameworks */,
				B2A07C6D26CFF1D70082A73D /* Resources */,
			);
			buildRules = (
			);
			dependencies = (
			);
			name = ShoppingList;
			productName = ShoppingList;
			productReference = B2A07C6F26CFF1D70082A73D /* ShoppingList.app */;
			productType = "com.apple.product-type.application";
		};
/* End PBXNativeTarget section */

/* Begin PBXProject section */
		B2A07C6726CFF1D70082A73D /* Project object */ = {
			isa = PBXProject;
			attributes = {
				LastSwiftUpdateCheck = 1240;
				LastUpgradeCheck = 1240;
				TargetAttributes = {
					B2A07C6E26CFF1D70082A73D = {
						CreatedOnToolsVersion = 12.4;
					};
				};
			};
			buildConfigurationList = B2A07C6A26CFF1D70082A73D /* Build configuration list for PBXProject "ShoppingList" */;
			compatibilityVersion = "Xcode 9.3";
			developmentRegion = en;
			hasScannedForEncodings = 0;
			knownRegions = (
				en,
				Base,
			);
			mainGroup = B2A07C6626CFF1D70082A73D;
			productRefGroup = B2A07C7026CFF1D70082A73D /* Products */;
			projectDirPath = "";
			projectRoot = "";
			targets = (
				B2A07C6E26CFF1D70082A73D /* ShoppingList */,
			);
		};
/* End PBXProject section */

/* Begin PBXResourcesBuildPhase section */
		B2A07C6D26CFF1D70082A73D /* Resources */ = {
			isa = PBXResourcesBuildPhase;
			buildActionMask = 2147483647;
			files = (
				B2A07C8226CFF1DB0082A73D /* LaunchScreen.storyboard in Resources */,
				B2A07C7F26CFF1DB0082A73D /* Assets.xcassets in Resources */,
				B2A07C7A26CFF1D70082A73D /* Main.storyboard in Resources */,
			);
			runOnlyForDeploymentPostprocessing = 0;
		};
/* End PBXResourcesBuildPhase section */

/* Begin PBXSourcesBuildPhase section */
		B2A07C6B26CFF1D70082A73D /* Sources */ = {
			isa = PBXSourcesBuildPhase;
			buildActionMask = 2147483647;
			files = (
				B2888ED026FCA69900CE1E06 /* AddViewIO.swift in Sources */,
				B2A07C7726CFF1D70082A73D /* ProductListViewController.swift in Sources */,
				B2888ED326FCA6A900CE1E06 /* EditViewIO.swift in Sources */,
				B20E98ED26E132B000DE8FA4 /* ProductDB+CoreDataClass.swift in Sources */,
				B20E98EE26E132B000DE8FA4 /* ProductDB+CoreDataProperties.swift in Sources */,
				B227D023270080DD00A29BB3 /* SystemError.swift in Sources */,
				B2E4CB9F26F3731400CB3EFD /* AddPresenter.swift in Sources */,
				B2A07C7D26CFF1D70082A73D /* ShoppingList.xcdatamodeld in Sources */,
				B239203226D798FD009DA32B /* EditViewController.swift in Sources */,
				B2213F2426FA523D00096051 /* ProductListViewIO.swift in Sources */,
				B2A07C7326CFF1D70082A73D /* AppDelegate.swift in Sources */,
				B2E4CB9B26F0E9CD00CB3EFD /* ProductListPresenter.swift in Sources */,
				B239202B26D26582009DA32B /* ProductCell.swift in Sources */,
				B278F94B26EE611E00D617BA /* EditPresenter.swift in Sources */,
				B2A07C7526CFF1D70082A73D /* SceneDelegate.swift in Sources */,
				B227D01D26FCD77600A29BB3 /* UIViewInput.swift in Sources */,
				B239202F26D798E1009DA32B /* AddViewController.swift in Sources */,
				B261E42C26E49718003AFC14 /* ProductService.swift in Sources */,
				B2ED762426D7C3E200F60646 /* Product.swift in Sources */,
			);
			runOnlyForDeploymentPostprocessing = 0;
		};
/* End PBXSourcesBuildPhase section */

/* Begin PBXVariantGroup section */
		B2A07C7826CFF1D70082A73D /* Main.storyboard */ = {
			isa = PBXVariantGroup;
			children = (
				B2A07C7926CFF1D70082A73D /* Base */,
			);
			name = Main.storyboard;
			sourceTree = "<group>";
		};
		B2A07C8026CFF1DB0082A73D /* LaunchScreen.storyboard */ = {
			isa = PBXVariantGroup;
			children = (
				B2A07C8126CFF1DB0082A73D /* Base */,
			);
			name = LaunchScreen.storyboard;
			sourceTree = "<group>";
		};
/* End PBXVariantGroup section */

/* Begin XCBuildConfiguration section */
		B2A07C8426CFF1DB0082A73D /* Debug */ = {
			isa = XCBuildConfiguration;
			buildSettings = {
				ALWAYS_SEARCH_USER_PATHS = NO;
				CLANG_ANALYZER_NONNULL = YES;
				CLANG_ANALYZER_NUMBER_OBJECT_CONVERSION = YES_AGGRESSIVE;
				CLANG_CXX_LANGUAGE_STANDARD = "gnu++14";
				CLANG_CXX_LIBRARY = "libc++";
				CLANG_ENABLE_MODULES = YES;
				CLANG_ENABLE_OBJC_ARC = YES;
				CLANG_ENABLE_OBJC_WEAK = YES;
				CLANG_WARN_BLOCK_CAPTURE_AUTORELEASING = YES;
				CLANG_WARN_BOOL_CONVERSION = YES;
				CLANG_WARN_COMMA = YES;
				CLANG_WARN_CONSTANT_CONVERSION = YES;
				CLANG_WARN_DEPRECATED_OBJC_IMPLEMENTATIONS = YES;
				CLANG_WARN_DIRECT_OBJC_ISA_USAGE = YES_ERROR;
				CLANG_WARN_DOCUMENTATION_COMMENTS = YES;
				CLANG_WARN_EMPTY_BODY = YES;
				CLANG_WARN_ENUM_CONVERSION = YES;
				CLANG_WARN_INFINITE_RECURSION = YES;
				CLANG_WARN_INT_CONVERSION = YES;
				CLANG_WARN_NON_LITERAL_NULL_CONVERSION = YES;
				CLANG_WARN_OBJC_IMPLICIT_RETAIN_SELF = YES;
				CLANG_WARN_OBJC_LITERAL_CONVERSION = YES;
				CLANG_WARN_OBJC_ROOT_CLASS = YES_ERROR;
				CLANG_WARN_QUOTED_INCLUDE_IN_FRAMEWORK_HEADER = YES;
				CLANG_WARN_RANGE_LOOP_ANALYSIS = YES;
				CLANG_WARN_STRICT_PROTOTYPES = YES;
				CLANG_WARN_SUSPICIOUS_MOVE = YES;
				CLANG_WARN_UNGUARDED_AVAILABILITY = YES_AGGRESSIVE;
				CLANG_WARN_UNREACHABLE_CODE = YES;
				CLANG_WARN__DUPLICATE_METHOD_MATCH = YES;
				COPY_PHASE_STRIP = NO;
				DEBUG_INFORMATION_FORMAT = dwarf;
				ENABLE_STRICT_OBJC_MSGSEND = YES;
				ENABLE_TESTABILITY = YES;
				GCC_C_LANGUAGE_STANDARD = gnu11;
				GCC_DYNAMIC_NO_PIC = NO;
				GCC_NO_COMMON_BLOCKS = YES;
				GCC_OPTIMIZATION_LEVEL = 0;
				GCC_PREPROCESSOR_DEFINITIONS = (
					"DEBUG=1",
					"$(inherited)",
				);
				GCC_WARN_64_TO_32_BIT_CONVERSION = YES;
				GCC_WARN_ABOUT_RETURN_TYPE = YES_ERROR;
				GCC_WARN_UNDECLARED_SELECTOR = YES;
				GCC_WARN_UNINITIALIZED_AUTOS = YES_AGGRESSIVE;
				GCC_WARN_UNUSED_FUNCTION = YES;
				GCC_WARN_UNUSED_VARIABLE = YES;
				IPHONEOS_DEPLOYMENT_TARGET = 14.4;
				MTL_ENABLE_DEBUG_INFO = INCLUDE_SOURCE;
				MTL_FAST_MATH = YES;
				ONLY_ACTIVE_ARCH = YES;
				SDKROOT = iphoneos;
				SWIFT_ACTIVE_COMPILATION_CONDITIONS = DEBUG;
				SWIFT_OPTIMIZATION_LEVEL = "-Onone";
			};
			name = Debug;
		};
		B2A07C8526CFF1DB0082A73D /* Release */ = {
			isa = XCBuildConfiguration;
			buildSettings = {
				ALWAYS_SEARCH_USER_PATHS = NO;
				CLANG_ANALYZER_NONNULL = YES;
				CLANG_ANALYZER_NUMBER_OBJECT_CONVERSION = YES_AGGRESSIVE;
				CLANG_CXX_LANGUAGE_STANDARD = "gnu++14";
				CLANG_CXX_LIBRARY = "libc++";
				CLANG_ENABLE_MODULES = YES;
				CLANG_ENABLE_OBJC_ARC = YES;
				CLANG_ENABLE_OBJC_WEAK = YES;
				CLANG_WARN_BLOCK_CAPTURE_AUTORELEASING = YES;
				CLANG_WARN_BOOL_CONVERSION = YES;
				CLANG_WARN_COMMA = YES;
				CLANG_WARN_CONSTANT_CONVERSION = YES;
				CLANG_WARN_DEPRECATED_OBJC_IMPLEMENTATIONS = YES;
				CLANG_WARN_DIRECT_OBJC_ISA_USAGE = YES_ERROR;
				CLANG_WARN_DOCUMENTATION_COMMENTS = YES;
				CLANG_WARN_EMPTY_BODY = YES;
				CLANG_WARN_ENUM_CONVERSION = YES;
				CLANG_WARN_INFINITE_RECURSION = YES;
				CLANG_WARN_INT_CONVERSION = YES;
				CLANG_WARN_NON_LITERAL_NULL_CONVERSION = YES;
				CLANG_WARN_OBJC_IMPLICIT_RETAIN_SELF = YES;
				CLANG_WARN_OBJC_LITERAL_CONVERSION = YES;
				CLANG_WARN_OBJC_ROOT_CLASS = YES_ERROR;
				CLANG_WARN_QUOTED_INCLUDE_IN_FRAMEWORK_HEADER = YES;
				CLANG_WARN_RANGE_LOOP_ANALYSIS = YES;
				CLANG_WARN_STRICT_PROTOTYPES = YES;
				CLANG_WARN_SUSPICIOUS_MOVE = YES;
				CLANG_WARN_UNGUARDED_AVAILABILITY = YES_AGGRESSIVE;
				CLANG_WARN_UNREACHABLE_CODE = YES;
				CLANG_WARN__DUPLICATE_METHOD_MATCH = YES;
				COPY_PHASE_STRIP = NO;
				DEBUG_INFORMATION_FORMAT = "dwarf-with-dsym";
				ENABLE_NS_ASSERTIONS = NO;
				ENABLE_STRICT_OBJC_MSGSEND = YES;
				GCC_C_LANGUAGE_STANDARD = gnu11;
				GCC_NO_COMMON_BLOCKS = YES;
				GCC_WARN_64_TO_32_BIT_CONVERSION = YES;
				GCC_WARN_ABOUT_RETURN_TYPE = YES_ERROR;
				GCC_WARN_UNDECLARED_SELECTOR = YES;
				GCC_WARN_UNINITIALIZED_AUTOS = YES_AGGRESSIVE;
				GCC_WARN_UNUSED_FUNCTION = YES;
				GCC_WARN_UNUSED_VARIABLE = YES;
				IPHONEOS_DEPLOYMENT_TARGET = 14.4;
				MTL_ENABLE_DEBUG_INFO = NO;
				MTL_FAST_MATH = YES;
				SDKROOT = iphoneos;
				SWIFT_COMPILATION_MODE = wholemodule;
				SWIFT_OPTIMIZATION_LEVEL = "-O";
				VALIDATE_PRODUCT = YES;
			};
			name = Release;
		};
		B2A07C8726CFF1DB0082A73D /* Debug */ = {
			isa = XCBuildConfiguration;
			buildSettings = {
				ASSETCATALOG_COMPILER_APPICON_NAME = AppIcon;
				ASSETCATALOG_COMPILER_GLOBAL_ACCENT_COLOR_NAME = AccentColor;
				CODE_SIGN_STYLE = Automatic;
				INFOPLIST_FILE = ShoppingList/Info.plist;
				LD_RUNPATH_SEARCH_PATHS = (
					"$(inherited)",
					"@executable_path/Frameworks",
				);
				PRODUCT_BUNDLE_IDENTIFIER = MAI.ShoppingList;
				PRODUCT_NAME = "$(TARGET_NAME)";
				SWIFT_VERSION = 5.0;
				TARGETED_DEVICE_FAMILY = "1,2";
			};
			name = Debug;
		};
		B2A07C8826CFF1DB0082A73D /* Release */ = {
			isa = XCBuildConfiguration;
			buildSettings = {
				ASSETCATALOG_COMPILER_APPICON_NAME = AppIcon;
				ASSETCATALOG_COMPILER_GLOBAL_ACCENT_COLOR_NAME = AccentColor;
				CODE_SIGN_STYLE = Automatic;
				INFOPLIST_FILE = ShoppingList/Info.plist;
				LD_RUNPATH_SEARCH_PATHS = (
					"$(inherited)",
					"@executable_path/Frameworks",
				);
				PRODUCT_BUNDLE_IDENTIFIER = MAI.ShoppingList;
				PRODUCT_NAME = "$(TARGET_NAME)";
				SWIFT_VERSION = 5.0;
				TARGETED_DEVICE_FAMILY = "1,2";
			};
			name = Release;
		};
/* End XCBuildConfiguration section */

/* Begin XCConfigurationList section */
		B2A07C6A26CFF1D70082A73D /* Build configuration list for PBXProject "ShoppingList" */ = {
			isa = XCConfigurationList;
			buildConfigurations = (
				B2A07C8426CFF1DB0082A73D /* Debug */,
				B2A07C8526CFF1DB0082A73D /* Release */,
			);
			defaultConfigurationIsVisible = 0;
			defaultConfigurationName = Release;
		};
		B2A07C8626CFF1DB0082A73D /* Build configuration list for PBXNativeTarget "ShoppingList" */ = {
			isa = XCConfigurationList;
			buildConfigurations = (
				B2A07C8726CFF1DB0082A73D /* Debug */,
				B2A07C8826CFF1DB0082A73D /* Release */,
			);
			defaultConfigurationIsVisible = 0;
			defaultConfigurationName = Release;
		};
/* End XCConfigurationList section */

/* Begin XCVersionGroup section */
		B2A07C7B26CFF1D70082A73D /* ShoppingList.xcdatamodeld */ = {
			isa = XCVersionGroup;
			children = (
				B2A07C7C26CFF1D70082A73D /* ShoppingList.xcdatamodel */,
			);
			currentVersion = B2A07C7C26CFF1D70082A73D /* ShoppingList.xcdatamodel */;
			path = ShoppingList.xcdatamodeld;
			sourceTree = "<group>";
			versionGroupType = wrapper.xcdatamodel;
		};
/* End XCVersionGroup section */
	};
	rootObject = B2A07C6726CFF1D70082A73D /* Project object */;
}
